
Microsoft Visual Studio Solution File, Format Version 12.00
# Visual Studio Version 16
VisualStudioVersion = 16.0.31112.23
MinimumVisualStudioVersion = 10.0.40219.1
Project("{FAE04EC0-301F-11D3-BF4B-00C04F79EFBC}") = "02Warrior", "02Warrior\02Warrior.csproj", "{643D455B-CAA2-4991-AE1D-B76C6911E0C3}"
EndProject
Project("{FAE04EC0-301F-11D3-BF4B-00C04F79EFBC}") = "03Druid", "03Druid\03Druid.csproj", "{6D99D988-3F03-46C3-995A-DE4711DFE331}"
EndProject
Global
	GlobalSection(SolutionConfigurationPlatforms) = preSolution
		Debug|Any CPU = Debug|Any CPU
		Release|Any CPU = Release|Any CPU
	EndGlobalSection
	GlobalSection(ProjectConfigurationPlatforms) = postSolution
		{643D455B-CAA2-4991-AE1D-B76C6911E0C3}.Debug|Any CPU.ActiveCfg = Debug|Any CPU
		{643D455B-CAA2-4991-AE1D-B76C6911E0C3}.Debug|Any CPU.Build.0 = Debug|Any CPU
		{643D455B-CAA2-4991-AE1D-B76C6911E0C3}.Release|Any CPU.ActiveCfg = Release|Any CPU
		{643D455B-CAA2-4991-AE1D-B76C6911E0C3}.Release|Any CPU.Build.0 = Release|Any CPU
		{6D99D988-3F03-46C3-995A-DE4711DFE331}.Debug|Any CPU.ActiveCfg = Debug|Any CPU
		{6D99D988-3F03-46C3-995A-DE4711DFE331}.Debug|Any CPU.Build.0 = Debug|Any CPU
		{6D99D988-3F03-46C3-995A-DE4711DFE331}.Release|Any CPU.ActiveCfg = Release|Any CPU
		{6D99D988-3F03-46C3-995A-DE4711DFE331}.Release|Any CPU.Build.0 = Release|Any CPU
	EndGlobalSection
	GlobalSection(SolutionProperties) = preSolution
		HideSolutionNode = FALSE
	EndGlobalSection
	GlobalSection(ExtensibilityGlobals) = postSolution
		SolutionGuid = {996ABD29-5B85-4BFB-9EA5-2A95484F2035}
	EndGlobalSection
EndGlobal
